// !$*UTF8*$!
{
	archiveVersion = 1;
	classes = {
	};
	objectVersion = 56;
	objects = {

/* Begin PBXBuildFile section */
		FBB5797E2AB4E4D700B83AE2 /* AppDelegate.swift in Sources */ = {isa = PBXBuildFile; fileRef = FBB5797D2AB4E4D700B83AE2 /* AppDelegate.swift */; };
		FBB579802AB4E4D700B83AE2 /* SceneDelegate.swift in Sources */ = {isa = PBXBuildFile; fileRef = FBB5797F2AB4E4D700B83AE2 /* SceneDelegate.swift */; };
		FBB579822AB4E4D700B83AE2 /* ViewController.swift in Sources */ = {isa = PBXBuildFile; fileRef = FBB579812AB4E4D700B83AE2 /* ViewController.swift */; };
		FBB579852AB4E4D700B83AE2 /* Main.storyboard in Resources */ = {isa = PBXBuildFile; fileRef = FBB579832AB4E4D700B83AE2 /* Main.storyboard */; };
		FBB579872AB4E4D900B83AE2 /* Assets.xcassets in Resources */ = {isa = PBXBuildFile; fileRef = FBB579862AB4E4D900B83AE2 /* Assets.xcassets */; };
		FBB5798A2AB4E4D900B83AE2 /* LaunchScreen.storyboard in Resources */ = {isa = PBXBuildFile; fileRef = FBB579882AB4E4D900B83AE2 /* LaunchScreen.storyboard */; };
		FBB579952AB4E4D900B83AE2 /* UltimateSolutionsTaskTests.swift in Sources */ = {isa = PBXBuildFile; fileRef = FBB579942AB4E4D900B83AE2 /* UltimateSolutionsTaskTests.swift */; };
		FBB5799F2AB4E4D900B83AE2 /* UltimateSolutionsTaskUITests.swift in Sources */ = {isa = PBXBuildFile; fileRef = FBB5799E2AB4E4D900B83AE2 /* UltimateSolutionsTaskUITests.swift */; };
		FBB579A12AB4E4D900B83AE2 /* UltimateSolutionsTaskUITestsLaunchTests.swift in Sources */ = {isa = PBXBuildFile; fileRef = FBB579A02AB4E4D900B83AE2 /* UltimateSolutionsTaskUITestsLaunchTests.swift */; };
/* End PBXBuildFile section */

/* Begin PBXContainerItemProxy section */
		FBB579912AB4E4D900B83AE2 /* PBXContainerItemProxy */ = {
			isa = PBXContainerItemProxy;
			containerPortal = FBB579722AB4E4D700B83AE2 /* Project object */;
			proxyType = 1;
			remoteGlobalIDString = FBB579792AB4E4D700B83AE2;
			remoteInfo = UltimateSolutionsTask;
		};
		FBB5799B2AB4E4D900B83AE2 /* PBXContainerItemProxy */ = {
			isa = PBXContainerItemProxy;
			containerPortal = FBB579722AB4E4D700B83AE2 /* Project object */;
			proxyType = 1;
			remoteGlobalIDString = FBB579792AB4E4D700B83AE2;
			remoteInfo = UltimateSolutionsTask;
		};
/* End PBXContainerItemProxy section */

/* Begin PBXFileReference section */
		FBB5797A2AB4E4D700B83AE2 /* UltimateSolutionsTask.app */ = {isa = PBXFileReference; explicitFileType = wrapper.application; includeInIndex = 0; path = UltimateSolutionsTask.app; sourceTree = BUILT_PRODUCTS_DIR; };
		FBB5797D2AB4E4D700B83AE2 /* AppDelegate.swift */ = {isa = PBXFileReference; lastKnownFileType = sourcecode.swift; path = AppDelegate.swift; sourceTree = "<group>"; };
		FBB5797F2AB4E4D700B83AE2 /* SceneDelegate.swift */ = {isa = PBXFileReference; lastKnownFileType = sourcecode.swift; path = SceneDelegate.swift; sourceTree = "<group>"; };
		FBB579812AB4E4D700B83AE2 /* ViewController.swift */ = {isa = PBXFileReference; lastKnownFileType = sourcecode.swift; path = ViewController.swift; sourceTree = "<group>"; };
		FBB579842AB4E4D700B83AE2 /* Base */ = {isa = PBXFileReference; lastKnownFileType = file.storyboard; name = Base; path = Base.lproj/Main.storyboard; sourceTree = "<group>"; };
		FBB579862AB4E4D900B83AE2 /* Assets.xcassets */ = {isa = PBXFileReference; lastKnownFileType = folder.assetcatalog; path = Assets.xcassets; sourceTree = "<group>"; };
		FBB579892AB4E4D900B83AE2 /* Base */ = {isa = PBXFileReference; lastKnownFileType = file.storyboard; name = Base; path = Base.lproj/LaunchScreen.storyboard; sourceTree = "<group>"; };
		FBB5798B2AB4E4D900B83AE2 /* Info.plist */ = {isa = PBXFileReference; lastKnownFileType = text.plist.xml; path = Info.plist; sourceTree = "<group>"; };
		FBB579902AB4E4D900B83AE2 /* UltimateSolutionsTaskTests.xctest */ = {isa = PBXFileReference; explicitFileType = wrapper.cfbundle; includeInIndex = 0; path = UltimateSolutionsTaskTests.xctest; sourceTree = BUILT_PRODUCTS_DIR; };
		FBB579942AB4E4D900B83AE2 /* UltimateSolutionsTaskTests.swift */ = {isa = PBXFileReference; lastKnownFileType = sourcecode.swift; path = UltimateSolutionsTaskTests.swift; sourceTree = "<group>"; };
		FBB5799A2AB4E4D900B83AE2 /* UltimateSolutionsTaskUITests.xctest */ = {isa = PBXFileReference; explicitFileType = wrapper.cfbundle; includeInIndex = 0; path = UltimateSolutionsTaskUITests.xctest; sourceTree = BUILT_PRODUCTS_DIR; };
		FBB5799E2AB4E4D900B83AE2 /* UltimateSolutionsTaskUITests.swift */ = {isa = PBXFileReference; lastKnownFileType = sourcecode.swift; path = UltimateSolutionsTaskUITests.swift; sourceTree = "<group>"; };
		FBB579A02AB4E4D900B83AE2 /* UltimateSolutionsTaskUITestsLaunchTests.swift */ = {isa = PBXFileReference; lastKnownFileType = sourcecode.swift; path = UltimateSolutionsTaskUITestsLaunchTests.swift; sourceTree = "<group>"; };
/* End PBXFileReference section */

/* Begin PBXFrameworksBuildPhase section */
		FBB579772AB4E4D700B83AE2 /* Frameworks */ = {
			isa = PBXFrameworksBuildPhase;
			buildActionMask = 2147483647;
			files = (
			);
			runOnlyForDeploymentPostprocessing = 0;
		};
		FBB5798D2AB4E4D900B83AE2 /* Frameworks */ = {
			isa = PBXFrameworksBuildPhase;
			buildActionMask = 2147483647;
			files = (
			);
			runOnlyForDeploymentPostprocessing = 0;
		};
		FBB579972AB4E4D900B83AE2 /* Frameworks */ = {
			isa = PBXFrameworksBuildPhase;
			buildActionMask = 2147483647;
			files = (
			);
			runOnlyForDeploymentPostprocessing = 0;
		};
/* End PBXFrameworksBuildPhase section */

/* Begin PBXGroup section */
		FBB579712AB4E4D700B83AE2 = {
			isa = PBXGroup;
			children = (
				FBB5797C2AB4E4D700B83AE2 /* UltimateSolutionsTask */,
				FBB579932AB4E4D900B83AE2 /* UltimateSolutionsTaskTests */,
				FBB5799D2AB4E4D900B83AE2 /* UltimateSolutionsTaskUITests */,
				FBB5797B2AB4E4D700B83AE2 /* Products */,
			);
			sourceTree = "<group>";
		};
		FBB5797B2AB4E4D700B83AE2 /* Products */ = {
			isa = PBXGroup;
			children = (
				FBB5797A2AB4E4D700B83AE2 /* UltimateSolutionsTask.app */,
				FBB579902AB4E4D900B83AE2 /* UltimateSolutionsTaskTests.xctest */,
				FBB5799A2AB4E4D900B83AE2 /* UltimateSolutionsTaskUITests.xctest */,
			);
			name = Products;
			sourceTree = "<group>";
		};
		FBB5797C2AB4E4D700B83AE2 /* UltimateSolutionsTask */ = {
			isa = PBXGroup;
			children = (
				FBB5797D2AB4E4D700B83AE2 /* AppDelegate.swift */,
				FBB5797F2AB4E4D700B83AE2 /* SceneDelegate.swift */,
				FBB579812AB4E4D700B83AE2 /* ViewController.swift */,
				FBB579832AB4E4D700B83AE2 /* Main.storyboard */,
				FBB579862AB4E4D900B83AE2 /* Assets.xcassets */,
				FBB579882AB4E4D900B83AE2 /* LaunchScreen.storyboard */,
				FBB5798B2AB4E4D900B83AE2 /* Info.plist */,
			);
			path = UltimateSolutionsTask;
			sourceTree = "<group>";
		};
		FBB579932AB4E4D900B83AE2 /* UltimateSolutionsTaskTests */ = {
			isa = PBXGroup;
			children = (
				FBB579942AB4E4D900B83AE2 /* UltimateSolutionsTaskTests.swift */,
			);
			path = UltimateSolutionsTaskTests;
			sourceTree = "<group>";
		};
		FBB5799D2AB4E4D900B83AE2 /* UltimateSolutionsTaskUITests */ = {
			isa = PBXGroup;
			children = (
				FBB5799E2AB4E4D900B83AE2 /* UltimateSolutionsTaskUITests.swift */,
				FBB579A02AB4E4D900B83AE2 /* UltimateSolutionsTaskUITestsLaunchTests.swift */,
			);
			path = UltimateSolutionsTaskUITests;
			sourceTree = "<group>";
		};
/* End PBXGroup section */

/* Begin PBXNativeTarget section */
		FBB579792AB4E4D700B83AE2 /* UltimateSolutionsTask */ = {
			isa = PBXNativeTarget;
			buildConfigurationList = FBB579A42AB4E4D900B83AE2 /* Build configuration list for PBXNativeTarget "UltimateSolutionsTask" */;
			buildPhases = (
				FBB579762AB4E4D700B83AE2 /* Sources */,
				FBB579772AB4E4D700B83AE2 /* Frameworks */,
				FBB579782AB4E4D700B83AE2 /* Resources */,
			);
			buildRules = (
			);
			dependencies = (
			);
			name = UltimateSolutionsTask;
			productName = UltimateSolutionsTask;
			productReference = FBB5797A2AB4E4D700B83AE2 /* UltimateSolutionsTask.app */;
			productType = "com.apple.product-type.application";
		};
		FBB5798F2AB4E4D900B83AE2 /* UltimateSolutionsTaskTests */ = {
			isa = PBXNativeTarget;
			buildConfigurationList = FBB579A72AB4E4D900B83AE2 /* Build configuration list for PBXNativeTarget "UltimateSolutionsTaskTests" */;
			buildPhases = (
				FBB5798C2AB4E4D900B83AE2 /* Sources */,
				FBB5798D2AB4E4D900B83AE2 /* Frameworks */,
				FBB5798E2AB4E4D900B83AE2 /* Resources */,
			);
			buildRules = (
			);
			dependencies = (
				FBB579922AB4E4D900B83AE2 /* PBXTargetDependency */,
			);
			name = UltimateSolutionsTaskTests;
			productName = UltimateSolutionsTaskTests;
			productReference = FBB579902AB4E4D900B83AE2 /* UltimateSolutionsTaskTests.xctest */;
			productType = "com.apple.product-type.bundle.unit-test";
		};
		FBB579992AB4E4D900B83AE2 /* UltimateSolutionsTaskUITests */ = {
			isa = PBXNativeTarget;
			buildConfigurationList = FBB579AA2AB4E4D900B83AE2 /* Build configuration list for PBXNativeTarget "UltimateSolutionsTaskUITests" */;
			buildPhases = (
				FBB579962AB4E4D900B83AE2 /* Sources */,
				FBB579972AB4E4D900B83AE2 /* Frameworks */,
				FBB579982AB4E4D900B83AE2 /* Resources */,
			);
			buildRules = (
			);
			dependencies = (
				FBB5799C2AB4E4D900B83AE2 /* PBXTargetDependency */,
			);
			name = UltimateSolutionsTaskUITests;
			productName = UltimateSolutionsTaskUITests;
			productReference = FBB5799A2AB4E4D900B83AE2 /* UltimateSolutionsTaskUITests.xctest */;
			productType = "com.apple.product-type.bundle.ui-testing";
		};
/* End PBXNativeTarget section */

/* Begin PBXProject section */
		FBB579722AB4E4D700B83AE2 /* Project object */ = {
			isa = PBXProject;
			attributes = {
				BuildIndependentTargetsInParallel = 1;
				LastSwiftUpdateCheck = 1430;
				LastUpgradeCheck = 1430;
				TargetAttributes = {
					FBB579792AB4E4D700B83AE2 = {
						CreatedOnToolsVersion = 14.3.1;
					};
					FBB5798F2AB4E4D900B83AE2 = {
						CreatedOnToolsVersion = 14.3.1;
						TestTargetID = FBB579792AB4E4D700B83AE2;
					};
					FBB579992AB4E4D900B83AE2 = {
						CreatedOnToolsVersion = 14.3.1;
						TestTargetID = FBB579792AB4E4D700B83AE2;
					};
				};
			};
			buildConfigurationList = FBB579752AB4E4D700B83AE2 /* Build configuration list for PBXProject "UltimateSolutionsTask" */;
			compatibilityVersion = "Xcode 14.0";
			developmentRegion = en;
			hasScannedForEncodings = 0;
			knownRegions = (
				en,
				Base,
			);
			mainGroup = FBB579712AB4E4D700B83AE2;
			productRefGroup = FBB5797B2AB4E4D700B83AE2 /* Products */;
			projectDirPath = "";
			projectRoot = "";
			targets = (
				FBB579792AB4E4D700B83AE2 /* UltimateSolutionsTask */,
				FBB5798F2AB4E4D900B83AE2 /* UltimateSolutionsTaskTests */,
				FBB579992AB4E4D900B83AE2 /* UltimateSolutionsTaskUITests */,
			);
		};
/* End PBXProject section */

/* Begin PBXResourcesBuildPhase section */
		FBB579782AB4E4D700B83AE2 /* Resources */ = {
			isa = PBXResourcesBuildPhase;
			buildActionMask = 2147483647;
			files = (
				FBB5798A2AB4E4D900B83AE2 /* LaunchScreen.storyboard in Resources */,
				FBB579872AB4E4D900B83AE2 /* Assets.xcassets in Resources */,
				FBB579852AB4E4D700B83AE2 /* Main.storyboard in Resources */,
			);
			runOnlyForDeploymentPostprocessing = 0;
		};
		FBB5798E2AB4E4D900B83AE2 /* Resources */ = {
			isa = PBXResourcesBuildPhase;
			buildActionMask = 2147483647;
			files = (
			);
			runOnlyForDeploymentPostprocessing = 0;
		};
		FBB579982AB4E4D900B83AE2 /* Resources */ = {
			isa = PBXResourcesBuildPhase;
			buildActionMask = 2147483647;
			files = (
			);
			runOnlyForDeploymentPostprocessing = 0;
		};
/* End PBXResourcesBuildPhase section */

/* Begin PBXSourcesBuildPhase section */
		FBB579762AB4E4D700B83AE2 /* Sources */ = {
			isa = PBXSourcesBuildPhase;
			buildActionMask = 2147483647;
			files = (
				FBB579822AB4E4D700B83AE2 /* ViewController.swift in Sources */,
				FBB5797E2AB4E4D700B83AE2 /* AppDelegate.swift in Sources */,
				FBB579802AB4E4D700B83AE2 /* SceneDelegate.swift in Sources */,
			);
			runOnlyForDeploymentPostprocessing = 0;
		};
		FBB5798C2AB4E4D900B83AE2 /* Sources */ = {
			isa = PBXSourcesBuildPhase;
			buildActionMask = 2147483647;
			files = (
				FBB579952AB4E4D900B83AE2 /* UltimateSolutionsTaskTests.swift in Sources */,
			);
			runOnlyForDeploymentPostprocessing = 0;
		};
		FBB579962AB4E4D900B83AE2 /* Sources */ = {
			isa = PBXSourcesBuildPhase;
			buildActionMask = 2147483647;
			files = (
				FBB5799F2AB4E4D900B83AE2 /* UltimateSolutionsTaskUITests.swift in Sources */,
				FBB579A12AB4E4D900B83AE2 /* UltimateSolutionsTaskUITestsLaunchTests.swift in Sources */,
			);
			runOnlyForDeploymentPostprocessing = 0;
		};
/* End PBXSourcesBuildPhase section */

/* Begin PBXTargetDependency section */
		FBB579922AB4E4D900B83AE2 /* PBXTargetDependency */ = {
			isa = PBXTargetDependency;
			target = FBB579792AB4E4D700B83AE2 /* UltimateSolutionsTask */;
			targetProxy = FBB579912AB4E4D900B83AE2 /* PBXContainerItemProxy */;
		};
		FBB5799C2AB4E4D900B83AE2 /* PBXTargetDependency */ = {
			isa = PBXTargetDependency;
			target = FBB579792AB4E4D700B83AE2 /* UltimateSolutionsTask */;
			targetProxy = FBB5799B2AB4E4D900B83AE2 /* PBXContainerItemProxy */;
		};
/* End PBXTargetDependency section */

/* Begin PBXVariantGroup section */
		FBB579832AB4E4D700B83AE2 /* Main.storyboard */ = {
			isa = PBXVariantGroup;
			children = (
				FBB579842AB4E4D700B83AE2 /* Base */,
			);
			name = Main.storyboard;
			sourceTree = "<group>";
		};
		FBB579882AB4E4D900B83AE2 /* LaunchScreen.storyboard */ = {
			isa = PBXVariantGroup;
			children = (
				FBB579892AB4E4D900B83AE2 /* Base */,
			);
			name = LaunchScreen.storyboard;
			sourceTree = "<group>";
		};
/* End PBXVariantGroup section */

/* Begin XCBuildConfiguration section */
		FBB579A22AB4E4D900B83AE2 /* Debug */ = {
			isa = XCBuildConfiguration;
			buildSettings = {
				ALWAYS_SEARCH_USER_PATHS = NO;
				CLANG_ANALYZER_NONNULL = YES;
				CLANG_ANALYZER_NUMBER_OBJECT_CONVERSION = YES_AGGRESSIVE;
				CLANG_CXX_LANGUAGE_STANDARD = "gnu++20";
				CLANG_ENABLE_MODULES = YES;
				CLANG_ENABLE_OBJC_ARC = YES;
				CLANG_ENABLE_OBJC_WEAK = YES;
				CLANG_WARN_BLOCK_CAPTURE_AUTORELEASING = YES;
				CLANG_WARN_BOOL_CONVERSION = YES;
				CLANG_WARN_COMMA = YES;
				CLANG_WARN_CONSTANT_CONVERSION = YES;
				CLANG_WARN_DEPRECATED_OBJC_IMPLEMENTATIONS = YES;
				CLANG_WARN_DIRECT_OBJC_ISA_USAGE = YES_ERROR;
				CLANG_WARN_DOCUMENTATION_COMMENTS = YES;
				CLANG_WARN_EMPTY_BODY = YES;
				CLANG_WARN_ENUM_CONVERSION = YES;
				CLANG_WARN_INFINITE_RECURSION = YES;
				CLANG_WARN_INT_CONVERSION = YES;
				CLANG_WARN_NON_LITERAL_NULL_CONVERSION = YES;
				CLANG_WARN_OBJC_IMPLICIT_RETAIN_SELF = YES;
				CLANG_WARN_OBJC_LITERAL_CONVERSION = YES;
				CLANG_WARN_OBJC_ROOT_CLASS = YES_ERROR;
				CLANG_WARN_QUOTED_INCLUDE_IN_FRAMEWORK_HEADER = YES;
				CLANG_WARN_RANGE_LOOP_ANALYSIS = YES;
				CLANG_WARN_STRICT_PROTOTYPES = YES;
				CLANG_WARN_SUSPICIOUS_MOVE = YES;
				CLANG_WARN_UNGUARDED_AVAILABILITY = YES_AGGRESSIVE;
				CLANG_WARN_UNREACHABLE_CODE = YES;
				CLANG_WARN__DUPLICATE_METHOD_MATCH = YES;
				COPY_PHASE_STRIP = NO;
				DEBUG_INFORMATION_FORMAT = dwarf;
				ENABLE_STRICT_OBJC_MSGSEND = YES;
				ENABLE_TESTABILITY = YES;
				GCC_C_LANGUAGE_STANDARD = gnu11;
				GCC_DYNAMIC_NO_PIC = NO;
				GCC_NO_COMMON_BLOCKS = YES;
				GCC_OPTIMIZATION_LEVEL = 0;
				GCC_PREPROCESSOR_DEFINITIONS = (
					"DEBUG=1",
					"$(inherited)",
				);
				GCC_WARN_64_TO_32_BIT_CONVERSION = YES;
				GCC_WARN_ABOUT_RETURN_TYPE = YES_ERROR;
				GCC_WARN_UNDECLARED_SELECTOR = YES;
				GCC_WARN_UNINITIALIZED_AUTOS = YES_AGGRESSIVE;
				GCC_WARN_UNUSED_FUNCTION = YES;
				GCC_WARN_UNUSED_VARIABLE = YES;
				IPHONEOS_DEPLOYMENT_TARGET = 16.4;
				MTL_ENABLE_DEBUG_INFO = INCLUDE_SOURCE;
				MTL_FAST_MATH = YES;
				ONLY_ACTIVE_ARCH = YES;
				SDKROOT = iphoneos;
				SWIFT_ACTIVE_COMPILATION_CONDITIONS = DEBUG;
				SWIFT_OPTIMIZATION_LEVEL = "-Onone";
			};
			name = Debug;
		};
		FBB579A32AB4E4D900B83AE2 /* Release */ = {
			isa = XCBuildConfiguration;
			buildSettings = {
				ALWAYS_SEARCH_USER_PATHS = NO;
				CLANG_ANALYZER_NONNULL = YES;
				CLANG_ANALYZER_NUMBER_OBJECT_CONVERSION = YES_AGGRESSIVE;
				CLANG_CXX_LANGUAGE_STANDARD = "gnu++20";
				CLANG_ENABLE_MODULES = YES;
				CLANG_ENABLE_OBJC_ARC = YES;
				CLANG_ENABLE_OBJC_WEAK = YES;
				CLANG_WARN_BLOCK_CAPTURE_AUTORELEASING = YES;
				CLANG_WARN_BOOL_CONVERSION = YES;
				CLANG_WARN_COMMA = YES;
				CLANG_WARN_CONSTANT_CONVERSION = YES;
				CLANG_WARN_DEPRECATED_OBJC_IMPLEMENTATIONS = YES;
				CLANG_WARN_DIRECT_OBJC_ISA_USAGE = YES_ERROR;
				CLANG_WARN_DOCUMENTATION_COMMENTS = YES;
				CLANG_WARN_EMPTY_BODY = YES;
				CLANG_WARN_ENUM_CONVERSION = YES;
				CLANG_WARN_INFINITE_RECURSION = YES;
				CLANG_WARN_INT_CONVERSION = YES;
				CLANG_WARN_NON_LITERAL_NULL_CONVERSION = YES;
				CLANG_WARN_OBJC_IMPLICIT_RETAIN_SELF = YES;
				CLANG_WARN_OBJC_LITERAL_CONVERSION = YES;
				CLANG_WARN_OBJC_ROOT_CLASS = YES_ERROR;
				CLANG_WARN_QUOTED_INCLUDE_IN_FRAMEWORK_HEADER = YES;
				CLANG_WARN_RANGE_LOOP_ANALYSIS = YES;
				CLANG_WARN_STRICT_PROTOTYPES = YES;
				CLANG_WARN_SUSPICIOUS_MOVE = YES;
				CLANG_WARN_UNGUARDED_AVAILABILITY = YES_AGGRESSIVE;
				CLANG_WARN_UNREACHABLE_CODE = YES;
				CLANG_WARN__DUPLICATE_METHOD_MATCH = YES;
				COPY_PHASE_STRIP = NO;
				DEBUG_INFORMATION_FORMAT = "dwarf-with-dsym";
				ENABLE_NS_ASSERTIONS = NO;
				ENABLE_STRICT_OBJC_MSGSEND = YES;
				GCC_C_LANGUAGE_STANDARD = gnu11;
				GCC_NO_COMMON_BLOCKS = YES;
				GCC_WARN_64_TO_32_BIT_CONVERSION = YES;
				GCC_WARN_ABOUT_RETURN_TYPE = YES_ERROR;
				GCC_WARN_UNDECLARED_SELECTOR = YES;
				GCC_WARN_UNINITIALIZED_AUTOS = YES_AGGRESSIVE;
				GCC_WARN_UNUSED_FUNCTION = YES;
				GCC_WARN_UNUSED_VARIABLE = YES;
				IPHONEOS_DEPLOYMENT_TARGET = 16.4;
				MTL_ENABLE_DEBUG_INFO = NO;
				MTL_FAST_MATH = YES;
				SDKROOT = iphoneos;
				SWIFT_COMPILATION_MODE = wholemodule;
				SWIFT_OPTIMIZATION_LEVEL = "-O";
				VALIDATE_PRODUCT = YES;
			};
			name = Release;
		};
		FBB579A52AB4E4D900B83AE2 /* Debug */ = {
			isa = XCBuildConfiguration;
			buildSettings = {
				ASSETCATALOG_COMPILER_APPICON_NAME = AppIcon;
				ASSETCATALOG_COMPILER_GLOBAL_ACCENT_COLOR_NAME = AccentColor;
				CODE_SIGN_STYLE = Automatic;
				CURRENT_PROJECT_VERSION = 1;
				DEVELOPMENT_TEAM = A94ZNMJSTF;
				GENERATE_INFOPLIST_FILE = YES;
				INFOPLIST_FILE = UltimateSolutionsTask/Info.plist;
				INFOPLIST_KEY_UIApplicationSupportsIndirectInputEvents = YES;
				INFOPLIST_KEY_UILaunchStoryboardName = LaunchScreen;
				INFOPLIST_KEY_UIMainStoryboardFile = Main;
				INFOPLIST_KEY_UISupportedInterfaceOrientations_iPad = "UIInterfaceOrientationPortrait UIInterfaceOrientationPortraitUpsideDown UIInterfaceOrientationLandscapeLeft UIInterfaceOrientationLandscapeRight";
				INFOPLIST_KEY_UISupportedInterfaceOrientations_iPhone = "UIInterfaceOrientationPortrait UIInterfaceOrientationLandscapeLeft UIInterfaceOrientationLandscapeRight";
				LD_RUNPATH_SEARCH_PATHS = (
					"$(inherited)",
					"@executable_path/Frameworks",
				);
				MARKETING_VERSION = 1.0;
				PRODUCT_BUNDLE_IDENTIFIER = com.muratala.UltimateSolutionsTask;
				PRODUCT_NAME = "$(TARGET_NAME)";
				SWIFT_EMIT_LOC_STRINGS = YES;
				SWIFT_VERSION = 5.0;
				TARGETED_DEVICE_FAMILY = "1,2";
			};
			name = Debug;
		};
		FBB579A62AB4E4D900B83AE2 /* Release */ = {
			isa = XCBuildConfiguration;
			buildSettings = {
				ASSETCATALOG_COMPILER_APPICON_NAME = AppIcon;
				ASSETCATALOG_COMPILER_GLOBAL_ACCENT_COLOR_NAME = AccentColor;
				CODE_SIGN_STYLE = Automatic;
				CURRENT_PROJECT_VERSION = 1;
				DEVELOPMENT_TEAM = A94ZNMJSTF;
				GENERATE_INFOPLIST_FILE = YES;
				INFOPLIST_FILE = UltimateSolutionsTask/Info.plist;
				INFOPLIST_KEY_UIApplicationSupportsIndirectInputEvents = YES;
				INFOPLIST_KEY_UILaunchStoryboardName = LaunchScreen;
				INFOPLIST_KEY_UIMainStoryboardFile = Main;
				INFOPLIST_KEY_UISupportedInterfaceOrientations_iPad = "UIInterfaceOrientationPortrait UIInterfaceOrientationPortraitUpsideDown UIInterfaceOrientationLandscapeLeft UIInterfaceOrientationLandscapeRight";
				INFOPLIST_KEY_UISupportedInterfaceOrientations_iPhone = "UIInterfaceOrientationPortrait UIInterfaceOrientationLandscapeLeft UIInterfaceOrientationLandscapeRight";
				LD_RUNPATH_SEARCH_PATHS = (
					"$(inherited)",
					"@executable_path/Frameworks",
				);
				MARKETING_VERSION = 1.0;
				PRODUCT_BUNDLE_IDENTIFIER = com.muratala.UltimateSolutionsTask;
				PRODUCT_NAME = "$(TARGET_NAME)";
				SWIFT_EMIT_LOC_STRINGS = YES;
				SWIFT_VERSION = 5.0;
				TARGETED_DEVICE_FAMILY = "1,2";
			};
			name = Release;
		};
		FBB579A82AB4E4D900B83AE2 /* Debug */ = {
			isa = XCBuildConfiguration;
			buildSettings = {
				ALWAYS_EMBED_SWIFT_STANDARD_LIBRARIES = YES;
				BUNDLE_LOADER = "$(TEST_HOST)";
				CODE_SIGN_STYLE = Automatic;
				CURRENT_PROJECT_VERSION = 1;
				DEVELOPMENT_TEAM = A94ZNMJSTF;
				GENERATE_INFOPLIST_FILE = YES;
				IPHONEOS_DEPLOYMENT_TARGET = 16.4;
				MARKETING_VERSION = 1.0;
				PRODUCT_BUNDLE_IDENTIFIER = com.muratala.UltimateSolutionsTaskTests;
				PRODUCT_NAME = "$(TARGET_NAME)";
				SWIFT_EMIT_LOC_STRINGS = NO;
				SWIFT_VERSION = 5.0;
				TARGETED_DEVICE_FAMILY = "1,2";
				TEST_HOST = "$(BUILT_PRODUCTS_DIR)/UltimateSolutionsTask.app/$(BUNDLE_EXECUTABLE_FOLDER_PATH)/UltimateSolutionsTask";
			};
			name = Debug;
		};
		FBB579A92AB4E4D900B83AE2 /* Release */ = {
			isa = XCBuildConfiguration;
			buildSettings = {
				ALWAYS_EMBED_SWIFT_STANDARD_LIBRARIES = YES;
				BUNDLE_LOADER = "$(TEST_HOST)";
				CODE_SIGN_STYLE = Automatic;
				CURRENT_PROJECT_VERSION = 1;
				DEVELOPMENT_TEAM = A94ZNMJSTF;
				GENERATE_INFOPLIST_FILE = YES;
				IPHONEOS_DEPLOYMENT_TARGET = 16.4;
				MARKETING_VERSION = 1.0;
				PRODUCT_BUNDLE_IDENTIFIER = com.muratala.UltimateSolutionsTaskTests;
				PRODUCT_NAME = "$(TARGET_NAME)";
				SWIFT_EMIT_LOC_STRINGS = NO;
				SWIFT_VERSION = 5.0;
				TARGETED_DEVICE_FAMILY = "1,2";
				TEST_HOST = "$(BUILT_PRODUCTS_DIR)/UltimateSolutionsTask.app/$(BUNDLE_EXECUTABLE_FOLDER_PATH)/UltimateSolutionsTask";
			};
			name = Release;
		};
		FBB579AB2AB4E4D900B83AE2 /* Debug */ = {
			isa = XCBuildConfiguration;
			buildSettings = {
				ALWAYS_EMBED_SWIFT_STANDARD_LIBRARIES = YES;
				CODE_SIGN_STYLE = Automatic;
				CURRENT_PROJECT_VERSION = 1;
				DEVELOPMENT_TEAM = A94ZNMJSTF;
				GENERATE_INFOPLIST_FILE = YES;
				MARKETING_VERSION = 1.0;
				PRODUCT_BUNDLE_IDENTIFIER = com.muratala.UltimateSolutionsTaskUITests;
				PRODUCT_NAME = "$(TARGET_NAME)";
				SWIFT_EMIT_LOC_STRINGS = NO;
				SWIFT_VERSION = 5.0;
				TARGETED_DEVICE_FAMILY = "1,2";
				TEST_TARGET_NAME = UltimateSolutionsTask;
			};
			name = Debug;
		};
		FBB579AC2AB4E4D900B83AE2 /* Release */ = {
			isa = XCBuildConfiguration;
			buildSettings = {
				ALWAYS_EMBED_SWIFT_STANDARD_LIBRARIES = YES;
				CODE_SIGN_STYLE = Automatic;
				CURRENT_PROJECT_VERSION = 1;
				DEVELOPMENT_TEAM = A94ZNMJSTF;
				GENERATE_INFOPLIST_FILE = YES;
				MARKETING_VERSION = 1.0;
				PRODUCT_BUNDLE_IDENTIFIER = com.muratala.UltimateSolutionsTaskUITests;
				PRODUCT_NAME = "$(TARGET_NAME)";
				SWIFT_EMIT_LOC_STRINGS = NO;
				SWIFT_VERSION = 5.0;
				TARGETED_DEVICE_FAMILY = "1,2";
				TEST_TARGET_NAME = UltimateSolutionsTask;
			};
			name = Release;
		};
/* End XCBuildConfiguration section */

/* Begin XCConfigurationList section */
		FBB579752AB4E4D700B83AE2 /* Build configuration list for PBXProject "UltimateSolutionsTask" */ = {
			isa = XCConfigurationList;
			buildConfigurations = (
				FBB579A22AB4E4D900B83AE2 /* Debug */,
				FBB579A32AB4E4D900B83AE2 /* Release */,
			);
			defaultConfigurationIsVisible = 0;
			defaultConfigurationName = Release;
		};
		FBB579A42AB4E4D900B83AE2 /* Build configuration list for PBXNativeTarget "UltimateSolutionsTask" */ = {
			isa = XCConfigurationList;
			buildConfigurations = (
				FBB579A52AB4E4D900B83AE2 /* Debug */,
				FBB579A62AB4E4D900B83AE2 /* Release */,
			);
			defaultConfigurationIsVisible = 0;
			defaultConfigurationName = Release;
		};
		FBB579A72AB4E4D900B83AE2 /* Build configuration list for PBXNativeTarget "UltimateSolutionsTaskTests" */ = {
			isa = XCConfigurationList;
			buildConfigurations = (
				FBB579A82AB4E4D900B83AE2 /* Debug */,
				FBB579A92AB4E4D900B83AE2 /* Release */,
			);
			defaultConfigurationIsVisible = 0;
			defaultConfigurationName = Release;
		};
		FBB579AA2AB4E4D900B83AE2 /* Build configuration list for PBXNativeTarget "UltimateSolutionsTaskUITests" */ = {
			isa = XCConfigurationList;
			buildConfigurations = (
				FBB579AB2AB4E4D900B83AE2 /* Debug */,
				FBB579AC2AB4E4D900B83AE2 /* Release */,
			);
			defaultConfigurationIsVisible = 0;
			defaultConfigurationName = Release;
		};
/* End XCConfigurationList section */
	};
	rootObject = FBB579722AB4E4D700B83AE2 /* Project object */;
}
