// !$*UTF8*$!
{
	archiveVersion = 1;
	classes = {
	};
	objectVersion = 55;
	objects = {

/* Begin PBXBuildFile section */
		10F3A39E4F1E9C38266FAE3D /* Pods_UltimateSolutionsTask_UltimateSolutionsTaskUITests.framework in Frameworks */ = {isa = PBXBuildFile; fileRef = DA7ED072BCCDB2B9DD5DF7EF /* Pods_UltimateSolutionsTask_UltimateSolutionsTaskUITests.framework */; };
		1D03D195FB9B750AB5BF42B0 /* Pods_UltimateSolutionsTaskTests.framework in Frameworks */ = {isa = PBXBuildFile; fileRef = 3FF5B671D764E97DA1531958 /* Pods_UltimateSolutionsTaskTests.framework */; };
		9B50212A404EA35700B9DBD1 /* Pods_UltimateSolutionsTask.framework in Frameworks */ = {isa = PBXBuildFile; fileRef = 9B5A28867B4E9141B77C1CA4 /* Pods_UltimateSolutionsTask.framework */; };
		FBB5797E2AB4E4D700B83AE2 /* AppDelegate.swift in Sources */ = {isa = PBXBuildFile; fileRef = FBB5797D2AB4E4D700B83AE2 /* AppDelegate.swift */; };
		FBB579802AB4E4D700B83AE2 /* SceneDelegate.swift in Sources */ = {isa = PBXBuildFile; fileRef = FBB5797F2AB4E4D700B83AE2 /* SceneDelegate.swift */; };
		FBB579872AB4E4D900B83AE2 /* Assets.xcassets in Resources */ = {isa = PBXBuildFile; fileRef = FBB579862AB4E4D900B83AE2 /* Assets.xcassets */; };
		FBB5798A2AB4E4D900B83AE2 /* LaunchScreen.storyboard in Resources */ = {isa = PBXBuildFile; fileRef = FBB579882AB4E4D900B83AE2 /* LaunchScreen.storyboard */; };
		FBB579952AB4E4D900B83AE2 /* UltimateSolutionsTaskTests.swift in Sources */ = {isa = PBXBuildFile; fileRef = FBB579942AB4E4D900B83AE2 /* UltimateSolutionsTaskTests.swift */; };
		FBB5799F2AB4E4D900B83AE2 /* UltimateSolutionsTaskUITests.swift in Sources */ = {isa = PBXBuildFile; fileRef = FBB5799E2AB4E4D900B83AE2 /* UltimateSolutionsTaskUITests.swift */; };
		FBB579A12AB4E4D900B83AE2 /* UltimateSolutionsTaskUITestsLaunchTests.swift in Sources */ = {isa = PBXBuildFile; fileRef = FBB579A02AB4E4D900B83AE2 /* UltimateSolutionsTaskUITestsLaunchTests.swift */; };
		FBB579AE2AB4EC2400B83AE2 /* launch-.png in Resources */ = {isa = PBXBuildFile; fileRef = FBB579AD2AB4EC2400B83AE2 /* launch-.png */; };
		FBB579B62AB4EE6600B83AE2 /* CircleView.swift in Sources */ = {isa = PBXBuildFile; fileRef = FBB579B52AB4EE6600B83AE2 /* CircleView.swift */; };
		FBB579B82AB4EF3900B83AE2 /* Extension.swift in Sources */ = {isa = PBXBuildFile; fileRef = FBB579B72AB4EF3900B83AE2 /* Extension.swift */; };
		FBB579BA2AB4F1F200B83AE2 /* LoginController.swift in Sources */ = {isa = PBXBuildFile; fileRef = FBB579B92AB4F1F200B83AE2 /* LoginController.swift */; };
		FBB579BE2AB509A400B83AE2 /* AuthButton.swift in Sources */ = {isa = PBXBuildFile; fileRef = FBB579BD2AB509A400B83AE2 /* AuthButton.swift */; };
		FBB579C02AB50B5E00B83AE2 /* CustomTextField.swift in Sources */ = {isa = PBXBuildFile; fileRef = FBB579BF2AB50B5E00B83AE2 /* CustomTextField.swift */; };
		FBB579C32AB514DE00B83AE2 /* AuthService.swift in Sources */ = {isa = PBXBuildFile; fileRef = FBB579C22AB514DE00B83AE2 /* AuthService.swift */; };
		FBB579C52AB5154800B83AE2 /* LoginViewModel.swift in Sources */ = {isa = PBXBuildFile; fileRef = FBB579C42AB5154800B83AE2 /* LoginViewModel.swift */; };
		FBB579C72AB519A000B83AE2 /* CheckLoginModel.swift in Sources */ = {isa = PBXBuildFile; fileRef = FBB579C62AB519A000B83AE2 /* CheckLoginModel.swift */; };
		FBB579C92AB51D6000B83AE2 /* Constants.swift in Sources */ = {isa = PBXBuildFile; fileRef = FBB579C82AB51D6000B83AE2 /* Constants.swift */; };
		FBC4BC272AB5C80500635FBE /* DeliveryItems.swift in Sources */ = {isa = PBXBuildFile; fileRef = FBC4BC262AB5C80500635FBE /* DeliveryItems.swift */; };
		FBC4BC292AB5C92800635FBE /* DeliveryStatus.swift in Sources */ = {isa = PBXBuildFile; fileRef = FBC4BC282AB5C92800635FBE /* DeliveryStatus.swift */; };
		FBC4BC2B2AB5CD4D00635FBE /* MainController.swift in Sources */ = {isa = PBXBuildFile; fileRef = FBC4BC2A2AB5CD4D00635FBE /* MainController.swift */; };
		FBC4BC2D2AB5CD5B00635FBE /* NewDeliveryController.swift in Sources */ = {isa = PBXBuildFile; fileRef = FBC4BC2C2AB5CD5B00635FBE /* NewDeliveryController.swift */; };
		FBC4BC2F2AB5CD6400635FBE /* OtherDeliveryController.swift in Sources */ = {isa = PBXBuildFile; fileRef = FBC4BC2E2AB5CD6400635FBE /* OtherDeliveryController.swift */; };
		FBC4BC312AB5DDE400635FBE /* UserDefaults.swift in Sources */ = {isa = PBXBuildFile; fileRef = FBC4BC302AB5DDE400635FBE /* UserDefaults.swift */; };
		FBC4BC332AB5EF5A00635FBE /* Service.swift in Sources */ = {isa = PBXBuildFile; fileRef = FBC4BC322AB5EF5A00635FBE /* Service.swift */; };
		FBC4BC352AB5F59B00635FBE /* MainViewModel.swift in Sources */ = {isa = PBXBuildFile; fileRef = FBC4BC342AB5F59B00635FBE /* MainViewModel.swift */; };
		FBC4BC372AB636DE00635FBE /* DatabaseService.swift in Sources */ = {isa = PBXBuildFile; fileRef = FBC4BC362AB636DE00635FBE /* DatabaseService.swift */; };
		FBC4BC392AB64C0100635FBE /* DeliveryItem.swift in Sources */ = {isa = PBXBuildFile; fileRef = FBC4BC382AB64C0100635FBE /* DeliveryItem.swift */; };
		FBC4BC3B2AB64FF700635FBE /* MainTopView.swift in Sources */ = {isa = PBXBuildFile; fileRef = FBC4BC3A2AB64FF700635FBE /* MainTopView.swift */; };
		FBC4BC3D2AB65A5900635FBE /* DeliveryCell.swift in Sources */ = {isa = PBXBuildFile; fileRef = FBC4BC3C2AB65A5900635FBE /* DeliveryCell.swift */; };
		FBC4BC3F2AB66C4200635FBE /* NewDeliveryViewModel.swift in Sources */ = {isa = PBXBuildFile; fileRef = FBC4BC3E2AB66C4200635FBE /* NewDeliveryViewModel.swift */; };
		FBE0AE0B2AB715DA00518042 /* Enum.swift in Sources */ = {isa = PBXBuildFile; fileRef = FBE0AE0A2AB715DA00518042 /* Enum.swift */; };
		FBE0AE0D2AB73EFE00518042 /* OtherDeliveryViewModel.swift in Sources */ = {isa = PBXBuildFile; fileRef = FBE0AE0C2AB73EFE00518042 /* OtherDeliveryViewModel.swift */; };
/* End PBXBuildFile section */

/* Begin PBXContainerItemProxy section */
		FBB579912AB4E4D900B83AE2 /* PBXContainerItemProxy */ = {
			isa = PBXContainerItemProxy;
			containerPortal = FBB579722AB4E4D700B83AE2 /* Project object */;
			proxyType = 1;
			remoteGlobalIDString = FBB579792AB4E4D700B83AE2;
			remoteInfo = UltimateSolutionsTask;
		};
		FBB5799B2AB4E4D900B83AE2 /* PBXContainerItemProxy */ = {
			isa = PBXContainerItemProxy;
			containerPortal = FBB579722AB4E4D700B83AE2 /* Project object */;
			proxyType = 1;
			remoteGlobalIDString = FBB579792AB4E4D700B83AE2;
			remoteInfo = UltimateSolutionsTask;
		};
/* End PBXContainerItemProxy section */

/* Begin PBXFileReference section */
		3FF5B671D764E97DA1531958 /* Pods_UltimateSolutionsTaskTests.framework */ = {isa = PBXFileReference; explicitFileType = wrapper.framework; includeInIndex = 0; path = Pods_UltimateSolutionsTaskTests.framework; sourceTree = BUILT_PRODUCTS_DIR; };
		6D4BEB2AC67D80E8FD801E10 /* Pods-UltimateSolutionsTask.release.xcconfig */ = {isa = PBXFileReference; includeInIndex = 1; lastKnownFileType = text.xcconfig; name = "Pods-UltimateSolutionsTask.release.xcconfig"; path = "Target Support Files/Pods-UltimateSolutionsTask/Pods-UltimateSolutionsTask.release.xcconfig"; sourceTree = "<group>"; };
		88E87D30854500C3D3F12365 /* Pods-UltimateSolutionsTaskTests.release.xcconfig */ = {isa = PBXFileReference; includeInIndex = 1; lastKnownFileType = text.xcconfig; name = "Pods-UltimateSolutionsTaskTests.release.xcconfig"; path = "Target Support Files/Pods-UltimateSolutionsTaskTests/Pods-UltimateSolutionsTaskTests.release.xcconfig"; sourceTree = "<group>"; };
		9B5A28867B4E9141B77C1CA4 /* Pods_UltimateSolutionsTask.framework */ = {isa = PBXFileReference; explicitFileType = wrapper.framework; includeInIndex = 0; path = Pods_UltimateSolutionsTask.framework; sourceTree = BUILT_PRODUCTS_DIR; };
		B58BDB901045F050A4CFEFCD /* Pods-UltimateSolutionsTask-UltimateSolutionsTaskUITests.debug.xcconfig */ = {isa = PBXFileReference; includeInIndex = 1; lastKnownFileType = text.xcconfig; name = "Pods-UltimateSolutionsTask-UltimateSolutionsTaskUITests.debug.xcconfig"; path = "Target Support Files/Pods-UltimateSolutionsTask-UltimateSolutionsTaskUITests/Pods-UltimateSolutionsTask-UltimateSolutionsTaskUITests.debug.xcconfig"; sourceTree = "<group>"; };
		D08AE2E28DCC0A759D35312A /* Pods-UltimateSolutionsTaskTests.debug.xcconfig */ = {isa = PBXFileReference; includeInIndex = 1; lastKnownFileType = text.xcconfig; name = "Pods-UltimateSolutionsTaskTests.debug.xcconfig"; path = "Target Support Files/Pods-UltimateSolutionsTaskTests/Pods-UltimateSolutionsTaskTests.debug.xcconfig"; sourceTree = "<group>"; };
		DA43185F2A5290D4419DFFA8 /* Pods-UltimateSolutionsTask-UltimateSolutionsTaskUITests.release.xcconfig */ = {isa = PBXFileReference; includeInIndex = 1; lastKnownFileType = text.xcconfig; name = "Pods-UltimateSolutionsTask-UltimateSolutionsTaskUITests.release.xcconfig"; path = "Target Support Files/Pods-UltimateSolutionsTask-UltimateSolutionsTaskUITests/Pods-UltimateSolutionsTask-UltimateSolutionsTaskUITests.release.xcconfig"; sourceTree = "<group>"; };
		DA7ED072BCCDB2B9DD5DF7EF /* Pods_UltimateSolutionsTask_UltimateSolutionsTaskUITests.framework */ = {isa = PBXFileReference; explicitFileType = wrapper.framework; includeInIndex = 0; path = Pods_UltimateSolutionsTask_UltimateSolutionsTaskUITests.framework; sourceTree = BUILT_PRODUCTS_DIR; };
		FBB5797A2AB4E4D700B83AE2 /* UltimateSolutionsTask.app */ = {isa = PBXFileReference; explicitFileType = wrapper.application; includeInIndex = 0; path = UltimateSolutionsTask.app; sourceTree = BUILT_PRODUCTS_DIR; };
		FBB5797D2AB4E4D700B83AE2 /* AppDelegate.swift */ = {isa = PBXFileReference; lastKnownFileType = sourcecode.swift; path = AppDelegate.swift; sourceTree = "<group>"; };
		FBB5797F2AB4E4D700B83AE2 /* SceneDelegate.swift */ = {isa = PBXFileReference; lastKnownFileType = sourcecode.swift; path = SceneDelegate.swift; sourceTree = "<group>"; };
		FBB579862AB4E4D900B83AE2 /* Assets.xcassets */ = {isa = PBXFileReference; lastKnownFileType = folder.assetcatalog; path = Assets.xcassets; sourceTree = "<group>"; };
		FBB579892AB4E4D900B83AE2 /* Base */ = {isa = PBXFileReference; lastKnownFileType = file.storyboard; name = Base; path = Base.lproj/LaunchScreen.storyboard; sourceTree = "<group>"; };
		FBB5798B2AB4E4D900B83AE2 /* Info.plist */ = {isa = PBXFileReference; lastKnownFileType = text.plist.xml; path = Info.plist; sourceTree = "<group>"; };
		FBB579902AB4E4D900B83AE2 /* UltimateSolutionsTaskTests.xctest */ = {isa = PBXFileReference; explicitFileType = wrapper.cfbundle; includeInIndex = 0; path = UltimateSolutionsTaskTests.xctest; sourceTree = BUILT_PRODUCTS_DIR; };
		FBB579942AB4E4D900B83AE2 /* UltimateSolutionsTaskTests.swift */ = {isa = PBXFileReference; lastKnownFileType = sourcecode.swift; path = UltimateSolutionsTaskTests.swift; sourceTree = "<group>"; };
		FBB5799A2AB4E4D900B83AE2 /* UltimateSolutionsTaskUITests.xctest */ = {isa = PBXFileReference; explicitFileType = wrapper.cfbundle; includeInIndex = 0; path = UltimateSolutionsTaskUITests.xctest; sourceTree = BUILT_PRODUCTS_DIR; };
		FBB5799E2AB4E4D900B83AE2 /* UltimateSolutionsTaskUITests.swift */ = {isa = PBXFileReference; lastKnownFileType = sourcecode.swift; path = UltimateSolutionsTaskUITests.swift; sourceTree = "<group>"; };
		FBB579A02AB4E4D900B83AE2 /* UltimateSolutionsTaskUITestsLaunchTests.swift */ = {isa = PBXFileReference; lastKnownFileType = sourcecode.swift; path = UltimateSolutionsTaskUITestsLaunchTests.swift; sourceTree = "<group>"; };
		FBB579AD2AB4EC2400B83AE2 /* launch-.png */ = {isa = PBXFileReference; lastKnownFileType = image.png; path = "launch-.png"; sourceTree = "<group>"; };
		FBB579B52AB4EE6600B83AE2 /* CircleView.swift */ = {isa = PBXFileReference; lastKnownFileType = sourcecode.swift; path = CircleView.swift; sourceTree = "<group>"; };
		FBB579B72AB4EF3900B83AE2 /* Extension.swift */ = {isa = PBXFileReference; fileEncoding = 4; lastKnownFileType = sourcecode.swift; path = Extension.swift; sourceTree = "<group>"; };
		FBB579B92AB4F1F200B83AE2 /* LoginController.swift */ = {isa = PBXFileReference; lastKnownFileType = sourcecode.swift; path = LoginController.swift; sourceTree = "<group>"; };
		FBB579BD2AB509A400B83AE2 /* AuthButton.swift */ = {isa = PBXFileReference; lastKnownFileType = sourcecode.swift; path = AuthButton.swift; sourceTree = "<group>"; };
		FBB579BF2AB50B5E00B83AE2 /* CustomTextField.swift */ = {isa = PBXFileReference; lastKnownFileType = sourcecode.swift; path = CustomTextField.swift; sourceTree = "<group>"; };
		FBB579C22AB514DE00B83AE2 /* AuthService.swift */ = {isa = PBXFileReference; lastKnownFileType = sourcecode.swift; path = AuthService.swift; sourceTree = "<group>"; };
		FBB579C42AB5154800B83AE2 /* LoginViewModel.swift */ = {isa = PBXFileReference; lastKnownFileType = sourcecode.swift; path = LoginViewModel.swift; sourceTree = "<group>"; };
		FBB579C62AB519A000B83AE2 /* CheckLoginModel.swift */ = {isa = PBXFileReference; lastKnownFileType = sourcecode.swift; path = CheckLoginModel.swift; sourceTree = "<group>"; };
		FBB579C82AB51D6000B83AE2 /* Constants.swift */ = {isa = PBXFileReference; lastKnownFileType = sourcecode.swift; path = Constants.swift; sourceTree = "<group>"; };
		FBC4BC262AB5C80500635FBE /* DeliveryItems.swift */ = {isa = PBXFileReference; lastKnownFileType = sourcecode.swift; path = DeliveryItems.swift; sourceTree = "<group>"; };
		FBC4BC282AB5C92800635FBE /* DeliveryStatus.swift */ = {isa = PBXFileReference; lastKnownFileType = sourcecode.swift; path = DeliveryStatus.swift; sourceTree = "<group>"; };
		FBC4BC2A2AB5CD4D00635FBE /* MainController.swift */ = {isa = PBXFileReference; lastKnownFileType = sourcecode.swift; path = MainController.swift; sourceTree = "<group>"; };
		FBC4BC2C2AB5CD5B00635FBE /* NewDeliveryController.swift */ = {isa = PBXFileReference; lastKnownFileType = sourcecode.swift; path = NewDeliveryController.swift; sourceTree = "<group>"; };
		FBC4BC2E2AB5CD6400635FBE /* OtherDeliveryController.swift */ = {isa = PBXFileReference; lastKnownFileType = sourcecode.swift; path = OtherDeliveryController.swift; sourceTree = "<group>"; };
		FBC4BC302AB5DDE400635FBE /* UserDefaults.swift */ = {isa = PBXFileReference; lastKnownFileType = sourcecode.swift; path = UserDefaults.swift; sourceTree = "<group>"; };
		FBC4BC322AB5EF5A00635FBE /* Service.swift */ = {isa = PBXFileReference; lastKnownFileType = sourcecode.swift; path = Service.swift; sourceTree = "<group>"; };
		FBC4BC342AB5F59B00635FBE /* MainViewModel.swift */ = {isa = PBXFileReference; lastKnownFileType = sourcecode.swift; path = MainViewModel.swift; sourceTree = "<group>"; };
		FBC4BC362AB636DE00635FBE /* DatabaseService.swift */ = {isa = PBXFileReference; lastKnownFileType = sourcecode.swift; path = DatabaseService.swift; sourceTree = "<group>"; };
		FBC4BC382AB64C0100635FBE /* DeliveryItem.swift */ = {isa = PBXFileReference; lastKnownFileType = sourcecode.swift; path = DeliveryItem.swift; sourceTree = "<group>"; };
		FBC4BC3A2AB64FF700635FBE /* MainTopView.swift */ = {isa = PBXFileReference; lastKnownFileType = sourcecode.swift; path = MainTopView.swift; sourceTree = "<group>"; };
		FBC4BC3C2AB65A5900635FBE /* DeliveryCell.swift */ = {isa = PBXFileReference; lastKnownFileType = sourcecode.swift; path = DeliveryCell.swift; sourceTree = "<group>"; };
		FBC4BC3E2AB66C4200635FBE /* NewDeliveryViewModel.swift */ = {isa = PBXFileReference; lastKnownFileType = sourcecode.swift; path = NewDeliveryViewModel.swift; sourceTree = "<group>"; };
		FBE0AE0A2AB715DA00518042 /* Enum.swift */ = {isa = PBXFileReference; lastKnownFileType = sourcecode.swift; path = Enum.swift; sourceTree = "<group>"; };
		FBE0AE0C2AB73EFE00518042 /* OtherDeliveryViewModel.swift */ = {isa = PBXFileReference; lastKnownFileType = sourcecode.swift; path = OtherDeliveryViewModel.swift; sourceTree = "<group>"; };
		FD14C593AC13424CBD0F6C7B /* Pods-UltimateSolutionsTask.debug.xcconfig */ = {isa = PBXFileReference; includeInIndex = 1; lastKnownFileType = text.xcconfig; name = "Pods-UltimateSolutionsTask.debug.xcconfig"; path = "Target Support Files/Pods-UltimateSolutionsTask/Pods-UltimateSolutionsTask.debug.xcconfig"; sourceTree = "<group>"; };
/* End PBXFileReference section */

/* Begin PBXFrameworksBuildPhase section */
		FBB579772AB4E4D700B83AE2 /* Frameworks */ = {
			isa = PBXFrameworksBuildPhase;
			buildActionMask = 2147483647;
			files = (
				9B50212A404EA35700B9DBD1 /* Pods_UltimateSolutionsTask.framework in Frameworks */,
			);
			runOnlyForDeploymentPostprocessing = 0;
		};
		FBB5798D2AB4E4D900B83AE2 /* Frameworks */ = {
			isa = PBXFrameworksBuildPhase;
			buildActionMask = 2147483647;
			files = (
				1D03D195FB9B750AB5BF42B0 /* Pods_UltimateSolutionsTaskTests.framework in Frameworks */,
			);
			runOnlyForDeploymentPostprocessing = 0;
		};
		FBB579972AB4E4D900B83AE2 /* Frameworks */ = {
			isa = PBXFrameworksBuildPhase;
			buildActionMask = 2147483647;
			files = (
				10F3A39E4F1E9C38266FAE3D /* Pods_UltimateSolutionsTask_UltimateSolutionsTaskUITests.framework in Frameworks */,
			);
			runOnlyForDeploymentPostprocessing = 0;
		};
/* End PBXFrameworksBuildPhase section */

/* Begin PBXGroup section */
		2869DE627D963BF7BF1A9A14 /* Frameworks */ = {
			isa = PBXGroup;
			children = (
				9B5A28867B4E9141B77C1CA4 /* Pods_UltimateSolutionsTask.framework */,
				DA7ED072BCCDB2B9DD5DF7EF /* Pods_UltimateSolutionsTask_UltimateSolutionsTaskUITests.framework */,
				3FF5B671D764E97DA1531958 /* Pods_UltimateSolutionsTaskTests.framework */,
			);
			name = Frameworks;
			sourceTree = "<group>";
		};
		A290BA59ACD10F665961BD25 /* Pods */ = {
			isa = PBXGroup;
			children = (
				FD14C593AC13424CBD0F6C7B /* Pods-UltimateSolutionsTask.debug.xcconfig */,
				6D4BEB2AC67D80E8FD801E10 /* Pods-UltimateSolutionsTask.release.xcconfig */,
				B58BDB901045F050A4CFEFCD /* Pods-UltimateSolutionsTask-UltimateSolutionsTaskUITests.debug.xcconfig */,
				DA43185F2A5290D4419DFFA8 /* Pods-UltimateSolutionsTask-UltimateSolutionsTaskUITests.release.xcconfig */,
				D08AE2E28DCC0A759D35312A /* Pods-UltimateSolutionsTaskTests.debug.xcconfig */,
				88E87D30854500C3D3F12365 /* Pods-UltimateSolutionsTaskTests.release.xcconfig */,
			);
			path = Pods;
			sourceTree = "<group>";
		};
		FBB579712AB4E4D700B83AE2 = {
			isa = PBXGroup;
			children = (
				FBB5797C2AB4E4D700B83AE2 /* UltimateSolutionsTask */,
				FBB579932AB4E4D900B83AE2 /* UltimateSolutionsTaskTests */,
				FBB5799D2AB4E4D900B83AE2 /* UltimateSolutionsTaskUITests */,
				FBB5797B2AB4E4D700B83AE2 /* Products */,
				A290BA59ACD10F665961BD25 /* Pods */,
				2869DE627D963BF7BF1A9A14 /* Frameworks */,
			);
			sourceTree = "<group>";
		};
		FBB5797B2AB4E4D700B83AE2 /* Products */ = {
			isa = PBXGroup;
			children = (
				FBB5797A2AB4E4D700B83AE2 /* UltimateSolutionsTask.app */,
				FBB579902AB4E4D900B83AE2 /* UltimateSolutionsTaskTests.xctest */,
				FBB5799A2AB4E4D900B83AE2 /* UltimateSolutionsTaskUITests.xctest */,
			);
			name = Products;
			sourceTree = "<group>";
		};
		FBB5797C2AB4E4D700B83AE2 /* UltimateSolutionsTask */ = {
			isa = PBXGroup;
			children = (
				FBB5797D2AB4E4D700B83AE2 /* AppDelegate.swift */,
				FBB5797F2AB4E4D700B83AE2 /* SceneDelegate.swift */,
				FBB579AF2AB4ED0400B83AE2 /* Model */,
				FBB579B12AB4ED1600B83AE2 /* View */,
				FBB579B02AB4ED0D00B83AE2 /* ViewModel */,
				FBB579B22AB4ED1D00B83AE2 /* Controller */,
				FBB579C12AB514BB00B83AE2 /* API */,
				FBB579B32AB4ED2300B83AE2 /* Utils */,
				FBB579862AB4E4D900B83AE2 /* Assets.xcassets */,
				FBB579882AB4E4D900B83AE2 /* LaunchScreen.storyboard */,
				FBB5798B2AB4E4D900B83AE2 /* Info.plist */,
			);
			path = UltimateSolutionsTask;
			sourceTree = "<group>";
		};
		FBB579932AB4E4D900B83AE2 /* UltimateSolutionsTaskTests */ = {
			isa = PBXGroup;
			children = (
				FBB579942AB4E4D900B83AE2 /* UltimateSolutionsTaskTests.swift */,
			);
			path = UltimateSolutionsTaskTests;
			sourceTree = "<group>";
		};
		FBB5799D2AB4E4D900B83AE2 /* UltimateSolutionsTaskUITests */ = {
			isa = PBXGroup;
			children = (
				FBB5799E2AB4E4D900B83AE2 /* UltimateSolutionsTaskUITests.swift */,
				FBB579A02AB4E4D900B83AE2 /* UltimateSolutionsTaskUITestsLaunchTests.swift */,
			);
			path = UltimateSolutionsTaskUITests;
			sourceTree = "<group>";
		};
		FBB579AF2AB4ED0400B83AE2 /* Model */ = {
			isa = PBXGroup;
			children = (
				FBB579C62AB519A000B83AE2 /* CheckLoginModel.swift */,
				FBC4BC262AB5C80500635FBE /* DeliveryItems.swift */,
				FBC4BC282AB5C92800635FBE /* DeliveryStatus.swift */,
				FBC4BC382AB64C0100635FBE /* DeliveryItem.swift */,
			);
			path = Model;
			sourceTree = "<group>";
		};
		FBB579B02AB4ED0D00B83AE2 /* ViewModel */ = {
			isa = PBXGroup;
			children = (
				FBB579C42AB5154800B83AE2 /* LoginViewModel.swift */,
				FBC4BC342AB5F59B00635FBE /* MainViewModel.swift */,
				FBC4BC3E2AB66C4200635FBE /* NewDeliveryViewModel.swift */,
				FBE0AE0C2AB73EFE00518042 /* OtherDeliveryViewModel.swift */,
			);
			path = ViewModel;
			sourceTree = "<group>";
		};
		FBB579B12AB4ED1600B83AE2 /* View */ = {
			isa = PBXGroup;
			children = (
				FBB579B52AB4EE6600B83AE2 /* CircleView.swift */,
				FBC4BC3A2AB64FF700635FBE /* MainTopView.swift */,
				FBC4BC3C2AB65A5900635FBE /* DeliveryCell.swift */,
			);
			path = View;
			sourceTree = "<group>";
		};
		FBB579B22AB4ED1D00B83AE2 /* Controller */ = {
			isa = PBXGroup;
			children = (
				FBB579B92AB4F1F200B83AE2 /* LoginController.swift */,
				FBC4BC2A2AB5CD4D00635FBE /* MainController.swift */,
				FBC4BC2C2AB5CD5B00635FBE /* NewDeliveryController.swift */,
				FBC4BC2E2AB5CD6400635FBE /* OtherDeliveryController.swift */,
			);
			path = Controller;
			sourceTree = "<group>";
		};
		FBB579B32AB4ED2300B83AE2 /* Utils */ = {
			isa = PBXGroup;
			children = (
				FBB579BD2AB509A400B83AE2 /* AuthButton.swift */,
				FBB579B72AB4EF3900B83AE2 /* Extension.swift */,
				FBB579BF2AB50B5E00B83AE2 /* CustomTextField.swift */,
				FBB579C82AB51D6000B83AE2 /* Constants.swift */,
				FBE0AE0A2AB715DA00518042 /* Enum.swift */,
				FBB579AD2AB4EC2400B83AE2 /* launch-.png */,
			);
			path = Utils;
			sourceTree = "<group>";
		};
		FBB579C12AB514BB00B83AE2 /* API */ = {
			isa = PBXGroup;
			children = (
				FBC4BC322AB5EF5A00635FBE /* Service.swift */,
				FBB579C22AB514DE00B83AE2 /* AuthService.swift */,
				FBC4BC302AB5DDE400635FBE /* UserDefaults.swift */,
				FBC4BC362AB636DE00635FBE /* DatabaseService.swift */,
			);
			path = API;
			sourceTree = "<group>";
		};
/* End PBXGroup section */

/* Begin PBXNativeTarget section */
		FBB579792AB4E4D700B83AE2 /* UltimateSolutionsTask */ = {
			isa = PBXNativeTarget;
			buildConfigurationList = FBB579A42AB4E4D900B83AE2 /* Build configuration list for PBXNativeTarget "UltimateSolutionsTask" */;
			buildPhases = (
				08698B7B396E680AE046256E /* [CP] Check Pods Manifest.lock */,
				FBB579762AB4E4D700B83AE2 /* Sources */,
				FBB579772AB4E4D700B83AE2 /* Frameworks */,
				FBB579782AB4E4D700B83AE2 /* Resources */,
				A45DB9B5BDB2A1E04A84D888 /* [CP] Embed Pods Frameworks */,
			);
			buildRules = (
			);
			dependencies = (
			);
			name = UltimateSolutionsTask;
			productName = UltimateSolutionsTask;
			productReference = FBB5797A2AB4E4D700B83AE2 /* UltimateSolutionsTask.app */;
			productType = "com.apple.product-type.application";
		};
		FBB5798F2AB4E4D900B83AE2 /* UltimateSolutionsTaskTests */ = {
			isa = PBXNativeTarget;
			buildConfigurationList = FBB579A72AB4E4D900B83AE2 /* Build configuration list for PBXNativeTarget "UltimateSolutionsTaskTests" */;
			buildPhases = (
				E8141BA55BF349C54FE9B8E6 /* [CP] Check Pods Manifest.lock */,
				FBB5798C2AB4E4D900B83AE2 /* Sources */,
				FBB5798D2AB4E4D900B83AE2 /* Frameworks */,
				FBB5798E2AB4E4D900B83AE2 /* Resources */,
			);
			buildRules = (
			);
			dependencies = (
				FBB579922AB4E4D900B83AE2 /* PBXTargetDependency */,
			);
			name = UltimateSolutionsTaskTests;
			productName = UltimateSolutionsTaskTests;
			productReference = FBB579902AB4E4D900B83AE2 /* UltimateSolutionsTaskTests.xctest */;
			productType = "com.apple.product-type.bundle.unit-test";
		};
		FBB579992AB4E4D900B83AE2 /* UltimateSolutionsTaskUITests */ = {
			isa = PBXNativeTarget;
			buildConfigurationList = FBB579AA2AB4E4D900B83AE2 /* Build configuration list for PBXNativeTarget "UltimateSolutionsTaskUITests" */;
			buildPhases = (
				0AE28A6F833DA6A9B7F42132 /* [CP] Check Pods Manifest.lock */,
				FBB579962AB4E4D900B83AE2 /* Sources */,
				FBB579972AB4E4D900B83AE2 /* Frameworks */,
				FBB579982AB4E4D900B83AE2 /* Resources */,
				B789FF552388C0B14F4A4D23 /* [CP] Embed Pods Frameworks */,
			);
			buildRules = (
			);
			dependencies = (
				FBB5799C2AB4E4D900B83AE2 /* PBXTargetDependency */,
			);
			name = UltimateSolutionsTaskUITests;
			productName = UltimateSolutionsTaskUITests;
			productReference = FBB5799A2AB4E4D900B83AE2 /* UltimateSolutionsTaskUITests.xctest */;
			productType = "com.apple.product-type.bundle.ui-testing";
		};
/* End PBXNativeTarget section */

/* Begin PBXProject section */
		FBB579722AB4E4D700B83AE2 /* Project object */ = {
			isa = PBXProject;
			attributes = {
				BuildIndependentTargetsInParallel = 1;
				LastSwiftUpdateCheck = 1430;
				LastUpgradeCheck = 1430;
				TargetAttributes = {
					FBB579792AB4E4D700B83AE2 = {
						CreatedOnToolsVersion = 14.3.1;
					};
					FBB5798F2AB4E4D900B83AE2 = {
						CreatedOnToolsVersion = 14.3.1;
						TestTargetID = FBB579792AB4E4D700B83AE2;
					};
					FBB579992AB4E4D900B83AE2 = {
						CreatedOnToolsVersion = 14.3.1;
						TestTargetID = FBB579792AB4E4D700B83AE2;
					};
				};
			};
			buildConfigurationList = FBB579752AB4E4D700B83AE2 /* Build configuration list for PBXProject "UltimateSolutionsTask" */;
			compatibilityVersion = "Xcode 13.0";
			developmentRegion = en;
			hasScannedForEncodings = 0;
			knownRegions = (
				en,
				Base,
			);
			mainGroup = FBB579712AB4E4D700B83AE2;
			productRefGroup = FBB5797B2AB4E4D700B83AE2 /* Products */;
			projectDirPath = "";
			projectRoot = "";
			targets = (
				FBB579792AB4E4D700B83AE2 /* UltimateSolutionsTask */,
				FBB5798F2AB4E4D900B83AE2 /* UltimateSolutionsTaskTests */,
				FBB579992AB4E4D900B83AE2 /* UltimateSolutionsTaskUITests */,
			);
		};
/* End PBXProject section */

/* Begin PBXResourcesBuildPhase section */
		FBB579782AB4E4D700B83AE2 /* Resources */ = {
			isa = PBXResourcesBuildPhase;
			buildActionMask = 2147483647;
			files = (
				FBB5798A2AB4E4D900B83AE2 /* LaunchScreen.storyboard in Resources */,
				FBB579872AB4E4D900B83AE2 /* Assets.xcassets in Resources */,
				FBB579AE2AB4EC2400B83AE2 /* launch-.png in Resources */,
			);
			runOnlyForDeploymentPostprocessing = 0;
		};
		FBB5798E2AB4E4D900B83AE2 /* Resources */ = {
			isa = PBXResourcesBuildPhase;
			buildActionMask = 2147483647;
			files = (
			);
			runOnlyForDeploymentPostprocessing = 0;
		};
		FBB579982AB4E4D900B83AE2 /* Resources */ = {
			isa = PBXResourcesBuildPhase;
			buildActionMask = 2147483647;
			files = (
			);
			runOnlyForDeploymentPostprocessing = 0;
		};
/* End PBXResourcesBuildPhase section */

/* Begin PBXShellScriptBuildPhase section */
		08698B7B396E680AE046256E /* [CP] Check Pods Manifest.lock */ = {
			isa = PBXShellScriptBuildPhase;
			buildActionMask = 2147483647;
			files = (
			);
			inputFileListPaths = (
			);
			inputPaths = (
				"${PODS_PODFILE_DIR_PATH}/Podfile.lock",
				"${PODS_ROOT}/Manifest.lock",
			);
			name = "[CP] Check Pods Manifest.lock";
			outputFileListPaths = (
			);
			outputPaths = (
				"$(DERIVED_FILE_DIR)/Pods-UltimateSolutionsTask-checkManifestLockResult.txt",
			);
			runOnlyForDeploymentPostprocessing = 0;
			shellPath = /bin/sh;
			shellScript = "diff \"${PODS_PODFILE_DIR_PATH}/Podfile.lock\" \"${PODS_ROOT}/Manifest.lock\" > /dev/null\nif [ $? != 0 ] ; then\n    # print error to STDERR\n    echo \"error: The sandbox is not in sync with the Podfile.lock. Run 'pod install' or update your CocoaPods installation.\" >&2\n    exit 1\nfi\n# This output is used by Xcode 'outputs' to avoid re-running this script phase.\necho \"SUCCESS\" > \"${SCRIPT_OUTPUT_FILE_0}\"\n";
			showEnvVarsInLog = 0;
		};
		0AE28A6F833DA6A9B7F42132 /* [CP] Check Pods Manifest.lock */ = {
			isa = PBXShellScriptBuildPhase;
			buildActionMask = 2147483647;
			files = (
			);
			inputFileListPaths = (
			);
			inputPaths = (
				"${PODS_PODFILE_DIR_PATH}/Podfile.lock",
				"${PODS_ROOT}/Manifest.lock",
			);
			name = "[CP] Check Pods Manifest.lock";
			outputFileListPaths = (
			);
			outputPaths = (
				"$(DERIVED_FILE_DIR)/Pods-UltimateSolutionsTask-UltimateSolutionsTaskUITests-checkManifestLockResult.txt",
			);
			runOnlyForDeploymentPostprocessing = 0;
			shellPath = /bin/sh;
			shellScript = "diff \"${PODS_PODFILE_DIR_PATH}/Podfile.lock\" \"${PODS_ROOT}/Manifest.lock\" > /dev/null\nif [ $? != 0 ] ; then\n    # print error to STDERR\n    echo \"error: The sandbox is not in sync with the Podfile.lock. Run 'pod install' or update your CocoaPods installation.\" >&2\n    exit 1\nfi\n# This output is used by Xcode 'outputs' to avoid re-running this script phase.\necho \"SUCCESS\" > \"${SCRIPT_OUTPUT_FILE_0}\"\n";
			showEnvVarsInLog = 0;
		};
		A45DB9B5BDB2A1E04A84D888 /* [CP] Embed Pods Frameworks */ = {
			isa = PBXShellScriptBuildPhase;
			buildActionMask = 2147483647;
			files = (
			);
			inputFileListPaths = (
				"${PODS_ROOT}/Target Support Files/Pods-UltimateSolutionsTask/Pods-UltimateSolutionsTask-frameworks-${CONFIGURATION}-input-files.xcfilelist",
			);
			name = "[CP] Embed Pods Frameworks";
			outputFileListPaths = (
				"${PODS_ROOT}/Target Support Files/Pods-UltimateSolutionsTask/Pods-UltimateSolutionsTask-frameworks-${CONFIGURATION}-output-files.xcfilelist",
			);
			runOnlyForDeploymentPostprocessing = 0;
			shellPath = /bin/sh;
			shellScript = "\"${PODS_ROOT}/Target Support Files/Pods-UltimateSolutionsTask/Pods-UltimateSolutionsTask-frameworks.sh\"\n";
			showEnvVarsInLog = 0;
		};
		B789FF552388C0B14F4A4D23 /* [CP] Embed Pods Frameworks */ = {
			isa = PBXShellScriptBuildPhase;
			buildActionMask = 2147483647;
			files = (
			);
			inputFileListPaths = (
				"${PODS_ROOT}/Target Support Files/Pods-UltimateSolutionsTask-UltimateSolutionsTaskUITests/Pods-UltimateSolutionsTask-UltimateSolutionsTaskUITests-frameworks-${CONFIGURATION}-input-files.xcfilelist",
			);
			name = "[CP] Embed Pods Frameworks";
			outputFileListPaths = (
				"${PODS_ROOT}/Target Support Files/Pods-UltimateSolutionsTask-UltimateSolutionsTaskUITests/Pods-UltimateSolutionsTask-UltimateSolutionsTaskUITests-frameworks-${CONFIGURATION}-output-files.xcfilelist",
			);
			runOnlyForDeploymentPostprocessing = 0;
			shellPath = /bin/sh;
			shellScript = "\"${PODS_ROOT}/Target Support Files/Pods-UltimateSolutionsTask-UltimateSolutionsTaskUITests/Pods-UltimateSolutionsTask-UltimateSolutionsTaskUITests-frameworks.sh\"\n";
			showEnvVarsInLog = 0;
		};
		E8141BA55BF349C54FE9B8E6 /* [CP] Check Pods Manifest.lock */ = {
			isa = PBXShellScriptBuildPhase;
			buildActionMask = 2147483647;
			files = (
			);
			inputFileListPaths = (
			);
			inputPaths = (
				"${PODS_PODFILE_DIR_PATH}/Podfile.lock",
				"${PODS_ROOT}/Manifest.lock",
			);
			name = "[CP] Check Pods Manifest.lock";
			outputFileListPaths = (
			);
			outputPaths = (
				"$(DERIVED_FILE_DIR)/Pods-UltimateSolutionsTaskTests-checkManifestLockResult.txt",
			);
			runOnlyForDeploymentPostprocessing = 0;
			shellPath = /bin/sh;
			shellScript = "diff \"${PODS_PODFILE_DIR_PATH}/Podfile.lock\" \"${PODS_ROOT}/Manifest.lock\" > /dev/null\nif [ $? != 0 ] ; then\n    # print error to STDERR\n    echo \"error: The sandbox is not in sync with the Podfile.lock. Run 'pod install' or update your CocoaPods installation.\" >&2\n    exit 1\nfi\n# This output is used by Xcode 'outputs' to avoid re-running this script phase.\necho \"SUCCESS\" > \"${SCRIPT_OUTPUT_FILE_0}\"\n";
			showEnvVarsInLog = 0;
		};
/* End PBXShellScriptBuildPhase section */

/* Begin PBXSourcesBuildPhase section */
		FBB579762AB4E4D700B83AE2 /* Sources */ = {
			isa = PBXSourcesBuildPhase;
			buildActionMask = 2147483647;
			files = (
				FBB579BE2AB509A400B83AE2 /* AuthButton.swift in Sources */,
				FBB579B82AB4EF3900B83AE2 /* Extension.swift in Sources */,
				FBB579BA2AB4F1F200B83AE2 /* LoginController.swift in Sources */,
				FBC4BC272AB5C80500635FBE /* DeliveryItems.swift in Sources */,
				FBB579C32AB514DE00B83AE2 /* AuthService.swift in Sources */,
				FBB579C72AB519A000B83AE2 /* CheckLoginModel.swift in Sources */,
				FBB579B62AB4EE6600B83AE2 /* CircleView.swift in Sources */,
				FBC4BC292AB5C92800635FBE /* DeliveryStatus.swift in Sources */,
				FBC4BC2F2AB5CD6400635FBE /* OtherDeliveryController.swift in Sources */,
				FBC4BC3D2AB65A5900635FBE /* DeliveryCell.swift in Sources */,
				FBC4BC2D2AB5CD5B00635FBE /* NewDeliveryController.swift in Sources */,
				FBC4BC332AB5EF5A00635FBE /* Service.swift in Sources */,
				FBC4BC2B2AB5CD4D00635FBE /* MainController.swift in Sources */,
				FBC4BC3F2AB66C4200635FBE /* NewDeliveryViewModel.swift in Sources */,
				FBE0AE0D2AB73EFE00518042 /* OtherDeliveryViewModel.swift in Sources */,
				FBB5797E2AB4E4D700B83AE2 /* AppDelegate.swift in Sources */,
				FBB579802AB4E4D700B83AE2 /* SceneDelegate.swift in Sources */,
				FBC4BC372AB636DE00635FBE /* DatabaseService.swift in Sources */,
				FBC4BC392AB64C0100635FBE /* DeliveryItem.swift in Sources */,
				FBC4BC352AB5F59B00635FBE /* MainViewModel.swift in Sources */,
				FBE0AE0B2AB715DA00518042 /* Enum.swift in Sources */,
				FBC4BC312AB5DDE400635FBE /* UserDefaults.swift in Sources */,
				FBC4BC3B2AB64FF700635FBE /* MainTopView.swift in Sources */,
				FBB579C52AB5154800B83AE2 /* LoginViewModel.swift in Sources */,
				FBB579C02AB50B5E00B83AE2 /* CustomTextField.swift in Sources */,
				FBB579C92AB51D6000B83AE2 /* Constants.swift in Sources */,
			);
			runOnlyForDeploymentPostprocessing = 0;
		};
		FBB5798C2AB4E4D900B83AE2 /* Sources */ = {
			isa = PBXSourcesBuildPhase;
			buildActionMask = 2147483647;
			files = (
				FBB579952AB4E4D900B83AE2 /* UltimateSolutionsTaskTests.swift in Sources */,
			);
			runOnlyForDeploymentPostprocessing = 0;
		};
		FBB579962AB4E4D900B83AE2 /* Sources */ = {
			isa = PBXSourcesBuildPhase;
			buildActionMask = 2147483647;
			files = (
				FBB5799F2AB4E4D900B83AE2 /* UltimateSolutionsTaskUITests.swift in Sources */,
				FBB579A12AB4E4D900B83AE2 /* UltimateSolutionsTaskUITestsLaunchTests.swift in Sources */,
			);
			runOnlyForDeploymentPostprocessing = 0;
		};
/* End PBXSourcesBuildPhase section */

/* Begin PBXTargetDependency section */
		FBB579922AB4E4D900B83AE2 /* PBXTargetDependency */ = {
			isa = PBXTargetDependency;
			target = FBB579792AB4E4D700B83AE2 /* UltimateSolutionsTask */;
			targetProxy = FBB579912AB4E4D900B83AE2 /* PBXContainerItemProxy */;
		};
		FBB5799C2AB4E4D900B83AE2 /* PBXTargetDependency */ = {
			isa = PBXTargetDependency;
			target = FBB579792AB4E4D700B83AE2 /* UltimateSolutionsTask */;
			targetProxy = FBB5799B2AB4E4D900B83AE2 /* PBXContainerItemProxy */;
		};
/* End PBXTargetDependency section */

/* Begin PBXVariantGroup section */
		FBB579882AB4E4D900B83AE2 /* LaunchScreen.storyboard */ = {
			isa = PBXVariantGroup;
			children = (
				FBB579892AB4E4D900B83AE2 /* Base */,
			);
			name = LaunchScreen.storyboard;
			sourceTree = "<group>";
		};
/* End PBXVariantGroup section */

/* Begin XCBuildConfiguration section */
		FBB579A22AB4E4D900B83AE2 /* Debug */ = {
			isa = XCBuildConfiguration;
			buildSettings = {
				ALWAYS_SEARCH_USER_PATHS = NO;
				CLANG_ANALYZER_NONNULL = YES;
				CLANG_ANALYZER_NUMBER_OBJECT_CONVERSION = YES_AGGRESSIVE;
				CLANG_CXX_LANGUAGE_STANDARD = "gnu++20";
				CLANG_ENABLE_MODULES = YES;
				CLANG_ENABLE_OBJC_ARC = YES;
				CLANG_ENABLE_OBJC_WEAK = YES;
				CLANG_WARN_BLOCK_CAPTURE_AUTORELEASING = YES;
				CLANG_WARN_BOOL_CONVERSION = YES;
				CLANG_WARN_COMMA = YES;
				CLANG_WARN_CONSTANT_CONVERSION = YES;
				CLANG_WARN_DEPRECATED_OBJC_IMPLEMENTATIONS = YES;
				CLANG_WARN_DIRECT_OBJC_ISA_USAGE = YES_ERROR;
				CLANG_WARN_DOCUMENTATION_COMMENTS = YES;
				CLANG_WARN_EMPTY_BODY = YES;
				CLANG_WARN_ENUM_CONVERSION = YES;
				CLANG_WARN_INFINITE_RECURSION = YES;
				CLANG_WARN_INT_CONVERSION = YES;
				CLANG_WARN_NON_LITERAL_NULL_CONVERSION = YES;
				CLANG_WARN_OBJC_IMPLICIT_RETAIN_SELF = YES;
				CLANG_WARN_OBJC_LITERAL_CONVERSION = YES;
				CLANG_WARN_OBJC_ROOT_CLASS = YES_ERROR;
				CLANG_WARN_QUOTED_INCLUDE_IN_FRAMEWORK_HEADER = YES;
				CLANG_WARN_RANGE_LOOP_ANALYSIS = YES;
				CLANG_WARN_STRICT_PROTOTYPES = YES;
				CLANG_WARN_SUSPICIOUS_MOVE = YES;
				CLANG_WARN_UNGUARDED_AVAILABILITY = YES_AGGRESSIVE;
				CLANG_WARN_UNREACHABLE_CODE = YES;
				CLANG_WARN__DUPLICATE_METHOD_MATCH = YES;
				COPY_PHASE_STRIP = NO;
				DEBUG_INFORMATION_FORMAT = dwarf;
				ENABLE_STRICT_OBJC_MSGSEND = YES;
				ENABLE_TESTABILITY = YES;
				GCC_C_LANGUAGE_STANDARD = gnu11;
				GCC_DYNAMIC_NO_PIC = NO;
				GCC_NO_COMMON_BLOCKS = YES;
				GCC_OPTIMIZATION_LEVEL = 0;
				GCC_PREPROCESSOR_DEFINITIONS = (
					"DEBUG=1",
					"$(inherited)",
				);
				GCC_WARN_64_TO_32_BIT_CONVERSION = YES;
				GCC_WARN_ABOUT_RETURN_TYPE = YES_ERROR;
				GCC_WARN_UNDECLARED_SELECTOR = YES;
				GCC_WARN_UNINITIALIZED_AUTOS = YES_AGGRESSIVE;
				GCC_WARN_UNUSED_FUNCTION = YES;
				GCC_WARN_UNUSED_VARIABLE = YES;
				IPHONEOS_DEPLOYMENT_TARGET = 16.4;
				MTL_ENABLE_DEBUG_INFO = INCLUDE_SOURCE;
				MTL_FAST_MATH = YES;
				ONLY_ACTIVE_ARCH = YES;
				SDKROOT = iphoneos;
				SWIFT_ACTIVE_COMPILATION_CONDITIONS = DEBUG;
				SWIFT_OPTIMIZATION_LEVEL = "-Onone";
			};
			name = Debug;
		};
		FBB579A32AB4E4D900B83AE2 /* Release */ = {
			isa = XCBuildConfiguration;
			buildSettings = {
				ALWAYS_SEARCH_USER_PATHS = NO;
				CLANG_ANALYZER_NONNULL = YES;
				CLANG_ANALYZER_NUMBER_OBJECT_CONVERSION = YES_AGGRESSIVE;
				CLANG_CXX_LANGUAGE_STANDARD = "gnu++20";
				CLANG_ENABLE_MODULES = YES;
				CLANG_ENABLE_OBJC_ARC = YES;
				CLANG_ENABLE_OBJC_WEAK = YES;
				CLANG_WARN_BLOCK_CAPTURE_AUTORELEASING = YES;
				CLANG_WARN_BOOL_CONVERSION = YES;
				CLANG_WARN_COMMA = YES;
				CLANG_WARN_CONSTANT_CONVERSION = YES;
				CLANG_WARN_DEPRECATED_OBJC_IMPLEMENTATIONS = YES;
				CLANG_WARN_DIRECT_OBJC_ISA_USAGE = YES_ERROR;
				CLANG_WARN_DOCUMENTATION_COMMENTS = YES;
				CLANG_WARN_EMPTY_BODY = YES;
				CLANG_WARN_ENUM_CONVERSION = YES;
				CLANG_WARN_INFINITE_RECURSION = YES;
				CLANG_WARN_INT_CONVERSION = YES;
				CLANG_WARN_NON_LITERAL_NULL_CONVERSION = YES;
				CLANG_WARN_OBJC_IMPLICIT_RETAIN_SELF = YES;
				CLANG_WARN_OBJC_LITERAL_CONVERSION = YES;
				CLANG_WARN_OBJC_ROOT_CLASS = YES_ERROR;
				CLANG_WARN_QUOTED_INCLUDE_IN_FRAMEWORK_HEADER = YES;
				CLANG_WARN_RANGE_LOOP_ANALYSIS = YES;
				CLANG_WARN_STRICT_PROTOTYPES = YES;
				CLANG_WARN_SUSPICIOUS_MOVE = YES;
				CLANG_WARN_UNGUARDED_AVAILABILITY = YES_AGGRESSIVE;
				CLANG_WARN_UNREACHABLE_CODE = YES;
				CLANG_WARN__DUPLICATE_METHOD_MATCH = YES;
				COPY_PHASE_STRIP = NO;
				DEBUG_INFORMATION_FORMAT = "dwarf-with-dsym";
				ENABLE_NS_ASSERTIONS = NO;
				ENABLE_STRICT_OBJC_MSGSEND = YES;
				GCC_C_LANGUAGE_STANDARD = gnu11;
				GCC_NO_COMMON_BLOCKS = YES;
				GCC_WARN_64_TO_32_BIT_CONVERSION = YES;
				GCC_WARN_ABOUT_RETURN_TYPE = YES_ERROR;
				GCC_WARN_UNDECLARED_SELECTOR = YES;
				GCC_WARN_UNINITIALIZED_AUTOS = YES_AGGRESSIVE;
				GCC_WARN_UNUSED_FUNCTION = YES;
				GCC_WARN_UNUSED_VARIABLE = YES;
				IPHONEOS_DEPLOYMENT_TARGET = 16.4;
				MTL_ENABLE_DEBUG_INFO = NO;
				MTL_FAST_MATH = YES;
				SDKROOT = iphoneos;
				SWIFT_COMPILATION_MODE = wholemodule;
				SWIFT_OPTIMIZATION_LEVEL = "-O";
				VALIDATE_PRODUCT = YES;
			};
			name = Release;
		};
		FBB579A52AB4E4D900B83AE2 /* Debug */ = {
			isa = XCBuildConfiguration;
			baseConfigurationReference = FD14C593AC13424CBD0F6C7B /* Pods-UltimateSolutionsTask.debug.xcconfig */;
			buildSettings = {
				ASSETCATALOG_COMPILER_APPICON_NAME = AppIcon;
				ASSETCATALOG_COMPILER_GLOBAL_ACCENT_COLOR_NAME = AccentColor;
				CODE_SIGN_STYLE = Automatic;
				CURRENT_PROJECT_VERSION = 1;
				DEVELOPMENT_TEAM = A94ZNMJSTF;
				GENERATE_INFOPLIST_FILE = YES;
				INFOPLIST_FILE = UltimateSolutionsTask/Info.plist;
				INFOPLIST_KEY_UIApplicationSupportsIndirectInputEvents = YES;
				INFOPLIST_KEY_UILaunchStoryboardName = LaunchScreen;
				INFOPLIST_KEY_UISupportedInterfaceOrientations_iPad = "UIInterfaceOrientationPortrait UIInterfaceOrientationPortraitUpsideDown UIInterfaceOrientationLandscapeLeft UIInterfaceOrientationLandscapeRight";
				INFOPLIST_KEY_UISupportedInterfaceOrientations_iPhone = "UIInterfaceOrientationPortrait UIInterfaceOrientationLandscapeLeft UIInterfaceOrientationLandscapeRight";
				LD_RUNPATH_SEARCH_PATHS = (
					"$(inherited)",
					"@executable_path/Frameworks",
				);
				MARKETING_VERSION = 1.0;
				PRODUCT_BUNDLE_IDENTIFIER = com.muratala.UltimateSolutionsTask;
				PRODUCT_NAME = "$(TARGET_NAME)";
				SWIFT_EMIT_LOC_STRINGS = YES;
				SWIFT_VERSION = 5.0;
				TARGETED_DEVICE_FAMILY = "1,2";
			};
			name = Debug;
		};
		FBB579A62AB4E4D900B83AE2 /* Release */ = {
			isa = XCBuildConfiguration;
			baseConfigurationReference = 6D4BEB2AC67D80E8FD801E10 /* Pods-UltimateSolutionsTask.release.xcconfig */;
			buildSettings = {
				ASSETCATALOG_COMPILER_APPICON_NAME = AppIcon;
				ASSETCATALOG_COMPILER_GLOBAL_ACCENT_COLOR_NAME = AccentColor;
				CODE_SIGN_STYLE = Automatic;
				CURRENT_PROJECT_VERSION = 1;
				DEVELOPMENT_TEAM = A94ZNMJSTF;
				GENERATE_INFOPLIST_FILE = YES;
				INFOPLIST_FILE = UltimateSolutionsTask/Info.plist;
				INFOPLIST_KEY_UIApplicationSupportsIndirectInputEvents = YES;
				INFOPLIST_KEY_UILaunchStoryboardName = LaunchScreen;
				INFOPLIST_KEY_UISupportedInterfaceOrientations_iPad = "UIInterfaceOrientationPortrait UIInterfaceOrientationPortraitUpsideDown UIInterfaceOrientationLandscapeLeft UIInterfaceOrientationLandscapeRight";
				INFOPLIST_KEY_UISupportedInterfaceOrientations_iPhone = "UIInterfaceOrientationPortrait UIInterfaceOrientationLandscapeLeft UIInterfaceOrientationLandscapeRight";
				LD_RUNPATH_SEARCH_PATHS = (
					"$(inherited)",
					"@executable_path/Frameworks",
				);
				MARKETING_VERSION = 1.0;
				PRODUCT_BUNDLE_IDENTIFIER = com.muratala.UltimateSolutionsTask;
				PRODUCT_NAME = "$(TARGET_NAME)";
				SWIFT_EMIT_LOC_STRINGS = YES;
				SWIFT_VERSION = 5.0;
				TARGETED_DEVICE_FAMILY = "1,2";
			};
			name = Release;
		};
		FBB579A82AB4E4D900B83AE2 /* Debug */ = {
			isa = XCBuildConfiguration;
			baseConfigurationReference = D08AE2E28DCC0A759D35312A /* Pods-UltimateSolutionsTaskTests.debug.xcconfig */;
			buildSettings = {
				ALWAYS_EMBED_SWIFT_STANDARD_LIBRARIES = YES;
				BUNDLE_LOADER = "$(TEST_HOST)";
				CODE_SIGN_STYLE = Automatic;
				CURRENT_PROJECT_VERSION = 1;
				DEVELOPMENT_TEAM = A94ZNMJSTF;
				GENERATE_INFOPLIST_FILE = YES;
				IPHONEOS_DEPLOYMENT_TARGET = 16.4;
				MARKETING_VERSION = 1.0;
				PRODUCT_BUNDLE_IDENTIFIER = com.muratala.UltimateSolutionsTaskTests;
				PRODUCT_NAME = "$(TARGET_NAME)";
				SWIFT_EMIT_LOC_STRINGS = NO;
				SWIFT_VERSION = 5.0;
				TARGETED_DEVICE_FAMILY = "1,2";
				TEST_HOST = "$(BUILT_PRODUCTS_DIR)/UltimateSolutionsTask.app/$(BUNDLE_EXECUTABLE_FOLDER_PATH)/UltimateSolutionsTask";
			};
			name = Debug;
		};
		FBB579A92AB4E4D900B83AE2 /* Release */ = {
			isa = XCBuildConfiguration;
			baseConfigurationReference = 88E87D30854500C3D3F12365 /* Pods-UltimateSolutionsTaskTests.release.xcconfig */;
			buildSettings = {
				ALWAYS_EMBED_SWIFT_STANDARD_LIBRARIES = YES;
				BUNDLE_LOADER = "$(TEST_HOST)";
				CODE_SIGN_STYLE = Automatic;
				CURRENT_PROJECT_VERSION = 1;
				DEVELOPMENT_TEAM = A94ZNMJSTF;
				GENERATE_INFOPLIST_FILE = YES;
				IPHONEOS_DEPLOYMENT_TARGET = 16.4;
				MARKETING_VERSION = 1.0;
				PRODUCT_BUNDLE_IDENTIFIER = com.muratala.UltimateSolutionsTaskTests;
				PRODUCT_NAME = "$(TARGET_NAME)";
				SWIFT_EMIT_LOC_STRINGS = NO;
				SWIFT_VERSION = 5.0;
				TARGETED_DEVICE_FAMILY = "1,2";
				TEST_HOST = "$(BUILT_PRODUCTS_DIR)/UltimateSolutionsTask.app/$(BUNDLE_EXECUTABLE_FOLDER_PATH)/UltimateSolutionsTask";
			};
			name = Release;
		};
		FBB579AB2AB4E4D900B83AE2 /* Debug */ = {
			isa = XCBuildConfiguration;
			baseConfigurationReference = B58BDB901045F050A4CFEFCD /* Pods-UltimateSolutionsTask-UltimateSolutionsTaskUITests.debug.xcconfig */;
			buildSettings = {
				ALWAYS_EMBED_SWIFT_STANDARD_LIBRARIES = YES;
				CODE_SIGN_STYLE = Automatic;
				CURRENT_PROJECT_VERSION = 1;
				DEVELOPMENT_TEAM = A94ZNMJSTF;
				GENERATE_INFOPLIST_FILE = YES;
				MARKETING_VERSION = 1.0;
				PRODUCT_BUNDLE_IDENTIFIER = com.muratala.UltimateSolutionsTaskUITests;
				PRODUCT_NAME = "$(TARGET_NAME)";
				SWIFT_EMIT_LOC_STRINGS = NO;
				SWIFT_VERSION = 5.0;
				TARGETED_DEVICE_FAMILY = "1,2";
				TEST_TARGET_NAME = UltimateSolutionsTask;
			};
			name = Debug;
		};
		FBB579AC2AB4E4D900B83AE2 /* Release */ = {
			isa = XCBuildConfiguration;
			baseConfigurationReference = DA43185F2A5290D4419DFFA8 /* Pods-UltimateSolutionsTask-UltimateSolutionsTaskUITests.release.xcconfig */;
			buildSettings = {
				ALWAYS_EMBED_SWIFT_STANDARD_LIBRARIES = YES;
				CODE_SIGN_STYLE = Automatic;
				CURRENT_PROJECT_VERSION = 1;
				DEVELOPMENT_TEAM = A94ZNMJSTF;
				GENERATE_INFOPLIST_FILE = YES;
				MARKETING_VERSION = 1.0;
				PRODUCT_BUNDLE_IDENTIFIER = com.muratala.UltimateSolutionsTaskUITests;
				PRODUCT_NAME = "$(TARGET_NAME)";
				SWIFT_EMIT_LOC_STRINGS = NO;
				SWIFT_VERSION = 5.0;
				TARGETED_DEVICE_FAMILY = "1,2";
				TEST_TARGET_NAME = UltimateSolutionsTask;
			};
			name = Release;
		};
/* End XCBuildConfiguration section */

/* Begin XCConfigurationList section */
		FBB579752AB4E4D700B83AE2 /* Build configuration list for PBXProject "UltimateSolutionsTask" */ = {
			isa = XCConfigurationList;
			buildConfigurations = (
				FBB579A22AB4E4D900B83AE2 /* Debug */,
				FBB579A32AB4E4D900B83AE2 /* Release */,
			);
			defaultConfigurationIsVisible = 0;
			defaultConfigurationName = Release;
		};
		FBB579A42AB4E4D900B83AE2 /* Build configuration list for PBXNativeTarget "UltimateSolutionsTask" */ = {
			isa = XCConfigurationList;
			buildConfigurations = (
				FBB579A52AB4E4D900B83AE2 /* Debug */,
				FBB579A62AB4E4D900B83AE2 /* Release */,
			);
			defaultConfigurationIsVisible = 0;
			defaultConfigurationName = Release;
		};
		FBB579A72AB4E4D900B83AE2 /* Build configuration list for PBXNativeTarget "UltimateSolutionsTaskTests" */ = {
			isa = XCConfigurationList;
			buildConfigurations = (
				FBB579A82AB4E4D900B83AE2 /* Debug */,
				FBB579A92AB4E4D900B83AE2 /* Release */,
			);
			defaultConfigurationIsVisible = 0;
			defaultConfigurationName = Release;
		};
		FBB579AA2AB4E4D900B83AE2 /* Build configuration list for PBXNativeTarget "UltimateSolutionsTaskUITests" */ = {
			isa = XCConfigurationList;
			buildConfigurations = (
				FBB579AB2AB4E4D900B83AE2 /* Debug */,
				FBB579AC2AB4E4D900B83AE2 /* Release */,
			);
			defaultConfigurationIsVisible = 0;
			defaultConfigurationName = Release;
		};
/* End XCConfigurationList section */
	};
	rootObject = FBB579722AB4E4D700B83AE2 /* Project object */;
}
